
Microsoft Visual Studio Solution File, Format Version 12.00
# Visual Studio 14
VisualStudioVersion = 14.0.25420.1
MinimumVisualStudioVersion = 10.0.40219.1
Project("{FAE04EC0-301F-11D3-BF4B-00C04F79EFBC}") = "QL_Giaovien", "QL_BaoHanhTTDT\QL_Giaovien.csproj", "{D2B3E079-4FC0-4CC2-924A-7A80D3F899F6}"
EndProject
Global
	GlobalSection(SolutionConfigurationPlatforms) = preSolution
		Debug|Any CPU = Debug|Any CPU
		Release|Any CPU = Release|Any CPU
	EndGlobalSection
	GlobalSection(ProjectConfigurationPlatforms) = postSolution
		{D2B3E079-4FC0-4CC2-924A-7A80D3F899F6}.Debug|Any CPU.ActiveCfg = Debug|Any CPU
		{D2B3E079-4FC0-4CC2-924A-7A80D3F899F6}.Debug|Any CPU.Build.0 = Debug|Any CPU
		{D2B3E079-4FC0-4CC2-924A-7A80D3F899F6}.Release|Any CPU.ActiveCfg = Release|Any CPU
		{D2B3E079-4FC0-4CC2-924A-7A80D3F899F6}.Release|Any CPU.Build.0 = Release|Any CPU
	EndGlobalSection
	GlobalSection(SolutionProperties) = preSolution
		HideSolutionNode = FALSE
	EndGlobalSection
	GlobalSection(ExtensibilityGlobals) = postSolution
		SolutionGuid = {F2417551-5292-469E-AE56-15C2F53BB3FB}
	EndGlobalSection
EndGlobal
